
Microsoft Visual Studio Solution File, Format Version 12.00
# Visual Studio Version 16
VisualStudioVersion = 16.0.30406.217
MinimumVisualStudioVersion = 10.0.40219.1
Project("{FAE04EC0-301F-11D3-BF4B-00C04F79EFBC}") = "microondas", "microondas\microondas.csproj", "{6BA2B511-E1E3-46B8-A4EC-991AC51D91E0}"
EndProject
Project("{FAE04EC0-301F-11D3-BF4B-00C04F79EFBC}") = "Microondas.Test", "Microondas.Test\Microondas.Test.csproj", "{1EB55197-2436-440F-9B71-89E946363E8A}"
EndProject
Global
	GlobalSection(SolutionConfigurationPlatforms) = preSolution
		Debug|Any CPU = Debug|Any CPU
		Release|Any CPU = Release|Any CPU
	EndGlobalSection
	GlobalSection(ProjectConfigurationPlatforms) = postSolution
		{6BA2B511-E1E3-46B8-A4EC-991AC51D91E0}.Debug|Any CPU.ActiveCfg = Debug|Any CPU
		{6BA2B511-E1E3-46B8-A4EC-991AC51D91E0}.Debug|Any CPU.Build.0 = Debug|Any CPU
		{6BA2B511-E1E3-46B8-A4EC-991AC51D91E0}.Release|Any CPU.ActiveCfg = Release|Any CPU
		{6BA2B511-E1E3-46B8-A4EC-991AC51D91E0}.Release|Any CPU.Build.0 = Release|Any CPU
		{1EB55197-2436-440F-9B71-89E946363E8A}.Debug|Any CPU.ActiveCfg = Debug|Any CPU
		{1EB55197-2436-440F-9B71-89E946363E8A}.Debug|Any CPU.Build.0 = Debug|Any CPU
		{1EB55197-2436-440F-9B71-89E946363E8A}.Release|Any CPU.ActiveCfg = Release|Any CPU
		{1EB55197-2436-440F-9B71-89E946363E8A}.Release|Any CPU.Build.0 = Release|Any CPU
	EndGlobalSection
	GlobalSection(SolutionProperties) = preSolution
		HideSolutionNode = FALSE
	EndGlobalSection
	GlobalSection(ExtensibilityGlobals) = postSolution
		SolutionGuid = {ACFB3E3B-7C26-470C-BACC-37CADE731739}
	EndGlobalSection
EndGlobal
